
Microsoft Visual Studio Solution File, Format Version 12.00
# Visual Studio 14
VisualStudioVersion = 14.0.25420.1
MinimumVisualStudioVersion = 10.0.40219.1
Project("{FAE04EC0-301F-11D3-BF4B-00C04F79EFBC}") = "FKBaseUtils", "FKBaseUtils\FKBaseUtils.csproj", "{3DC09488-9F45-4774-B029-E9B2A6B60E4E}"
EndProject
Project("{FAE04EC0-301F-11D3-BF4B-00C04F79EFBC}") = "FKSQLite", "FKSQLiteLog\FKSQLite.csproj", "{59F8F5D3-8D94-4789-BB3A-9A1B53616101}"
EndProject
Project("{FAE04EC0-301F-11D3-BF4B-00C04F79EFBC}") = "FKLog", "FKLog\FKLog.csproj", "{C07B32E9-FBC8-4665-9F5F-4A8CF21E2694}"
EndProject
Project("{FAE04EC0-301F-11D3-BF4B-00C04F79EFBC}") = "FKHttp", "FKHttp\FKHttp.csproj", "{1A2DE63C-5E73-46B2-BAC7-C074496B23EA}"
EndProject
Project("{FAE04EC0-301F-11D3-BF4B-00C04F79EFBC}") = "FKWebAutomatic", "FKWebAutomatic\FKWebAutomatic.csproj", "{8D250CF6-C5AF-42F3-8EA9-71615C41F504}"
EndProject
Project("{FAE04EC0-301F-11D3-BF4B-00C04F79EFBC}") = "FKWndAutomatic", "FKWndAutomatic\FKWndAutomatic.csproj", "{154FB6C5-3071-4F9F-88EE-396693DC3556}"
EndProject
Project("{FAE04EC0-301F-11D3-BF4B-00C04F79EFBC}") = "FKAutoGetNetImage", "FKAutoGetNetImage\FKAutoGetNetImage.csproj", "{D6DB3909-DFED-49D3-88DE-A7C2DED447E1}"
EndProject
Project("{FAE04EC0-301F-11D3-BF4B-00C04F79EFBC}") = "FKVerifyLib", "FKVerifyLib\FKVerifyLib.csproj", "{0BE7D242-940A-435A-9BC6-323E551BB190}"
EndProject
Project("{FAE04EC0-301F-11D3-BF4B-00C04F79EFBC}") = "FKVerifyTraningTool", "FKVerifyTraningTool\FKVerifyTraningTool.csproj", "{322219F0-684D-4C20-B394-FAAE51764FED}"
EndProject
Project("{FAE04EC0-301F-11D3-BF4B-00C04F79EFBC}") = "FKXlsLib", "FKXlsLib\FKXlsLib.csproj", "{2961559D-5DC1-471F-9310-05887A92568F}"
EndProject
Project("{FAE04EC0-301F-11D3-BF4B-00C04F79EFBC}") = "FKImageLibrary", "FKImageLibrary\FKImageLibrary.csproj", "{86926EC7-C866-4E4E-A43E-A9E70FA2DD18}"
EndProject
Global
	GlobalSection(SolutionConfigurationPlatforms) = preSolution
		Debug|Any CPU = Debug|Any CPU
		Debug|x86 = Debug|x86
		Release|Any CPU = Release|Any CPU
		Release|x86 = Release|x86
	EndGlobalSection
	GlobalSection(ProjectConfigurationPlatforms) = postSolution
		{3DC09488-9F45-4774-B029-E9B2A6B60E4E}.Debug|Any CPU.ActiveCfg = Debug|x86
		{3DC09488-9F45-4774-B029-E9B2A6B60E4E}.Debug|x86.ActiveCfg = Debug|x86
		{3DC09488-9F45-4774-B029-E9B2A6B60E4E}.Debug|x86.Build.0 = Debug|x86
		{3DC09488-9F45-4774-B029-E9B2A6B60E4E}.Release|Any CPU.ActiveCfg = Release|x86
		{3DC09488-9F45-4774-B029-E9B2A6B60E4E}.Release|x86.ActiveCfg = Release|x86
		{3DC09488-9F45-4774-B029-E9B2A6B60E4E}.Release|x86.Build.0 = Release|x86
		{59F8F5D3-8D94-4789-BB3A-9A1B53616101}.Debug|Any CPU.ActiveCfg = Debug|x86
		{59F8F5D3-8D94-4789-BB3A-9A1B53616101}.Debug|x86.ActiveCfg = Debug|x86
		{59F8F5D3-8D94-4789-BB3A-9A1B53616101}.Debug|x86.Build.0 = Debug|x86
		{59F8F5D3-8D94-4789-BB3A-9A1B53616101}.Release|Any CPU.ActiveCfg = Release|x86
		{59F8F5D3-8D94-4789-BB3A-9A1B53616101}.Release|x86.ActiveCfg = Release|x86
		{59F8F5D3-8D94-4789-BB3A-9A1B53616101}.Release|x86.Build.0 = Release|x86
		{C07B32E9-FBC8-4665-9F5F-4A8CF21E2694}.Debug|Any CPU.ActiveCfg = Debug|x86
		{C07B32E9-FBC8-4665-9F5F-4A8CF21E2694}.Debug|x86.ActiveCfg = Debug|x86
		{C07B32E9-FBC8-4665-9F5F-4A8CF21E2694}.Debug|x86.Build.0 = Debug|x86
		{C07B32E9-FBC8-4665-9F5F-4A8CF21E2694}.Release|Any CPU.ActiveCfg = Release|x86
		{C07B32E9-FBC8-4665-9F5F-4A8CF21E2694}.Release|x86.ActiveCfg = Release|x86
		{C07B32E9-FBC8-4665-9F5F-4A8CF21E2694}.Release|x86.Build.0 = Release|x86
		{1A2DE63C-5E73-46B2-BAC7-C074496B23EA}.Debug|Any CPU.ActiveCfg = Debug|x86
		{1A2DE63C-5E73-46B2-BAC7-C074496B23EA}.Debug|x86.ActiveCfg = Debug|x86
		{1A2DE63C-5E73-46B2-BAC7-C074496B23EA}.Debug|x86.Build.0 = Debug|x86
		{1A2DE63C-5E73-46B2-BAC7-C074496B23EA}.Release|Any CPU.ActiveCfg = Release|x86
		{1A2DE63C-5E73-46B2-BAC7-C074496B23EA}.Release|x86.ActiveCfg = Release|x86
		{1A2DE63C-5E73-46B2-BAC7-C074496B23EA}.Release|x86.Build.0 = Release|x86
		{8D250CF6-C5AF-42F3-8EA9-71615C41F504}.Debug|Any CPU.ActiveCfg = Debug|x86
		{8D250CF6-C5AF-42F3-8EA9-71615C41F504}.Debug|x86.ActiveCfg = Debug|x86
		{8D250CF6-C5AF-42F3-8EA9-71615C41F504}.Debug|x86.Build.0 = Debug|x86
		{8D250CF6-C5AF-42F3-8EA9-71615C41F504}.Release|Any CPU.ActiveCfg = Release|x86
		{8D250CF6-C5AF-42F3-8EA9-71615C41F504}.Release|x86.ActiveCfg = Release|x86
		{8D250CF6-C5AF-42F3-8EA9-71615C41F504}.Release|x86.Build.0 = Release|x86
		{154FB6C5-3071-4F9F-88EE-396693DC3556}.Debug|Any CPU.ActiveCfg = Debug|x86
		{154FB6C5-3071-4F9F-88EE-396693DC3556}.Debug|x86.ActiveCfg = Debug|x86
		{154FB6C5-3071-4F9F-88EE-396693DC3556}.Debug|x86.Build.0 = Debug|x86
		{154FB6C5-3071-4F9F-88EE-396693DC3556}.Release|Any CPU.ActiveCfg = Release|x86
		{154FB6C5-3071-4F9F-88EE-396693DC3556}.Release|x86.ActiveCfg = Release|x86
		{154FB6C5-3071-4F9F-88EE-396693DC3556}.Release|x86.Build.0 = Release|x86
		{D6DB3909-DFED-49D3-88DE-A7C2DED447E1}.Debug|Any CPU.ActiveCfg = Debug|Any CPU
		{D6DB3909-DFED-49D3-88DE-A7C2DED447E1}.Debug|Any CPU.Build.0 = Debug|Any CPU
		{D6DB3909-DFED-49D3-88DE-A7C2DED447E1}.Debug|x86.ActiveCfg = Debug|x86
		{D6DB3909-DFED-49D3-88DE-A7C2DED447E1}.Debug|x86.Build.0 = Debug|x86
		{D6DB3909-DFED-49D3-88DE-A7C2DED447E1}.Release|Any CPU.ActiveCfg = Release|Any CPU
		{D6DB3909-DFED-49D3-88DE-A7C2DED447E1}.Release|Any CPU.Build.0 = Release|Any CPU
		{D6DB3909-DFED-49D3-88DE-A7C2DED447E1}.Release|x86.ActiveCfg = Release|x86
		{D6DB3909-DFED-49D3-88DE-A7C2DED447E1}.Release|x86.Build.0 = Release|x86
		{0BE7D242-940A-435A-9BC6-323E551BB190}.Debug|Any CPU.ActiveCfg = Debug|Any CPU
		{0BE7D242-940A-435A-9BC6-323E551BB190}.Debug|Any CPU.Build.0 = Debug|Any CPU
		{0BE7D242-940A-435A-9BC6-323E551BB190}.Debug|x86.ActiveCfg = Debug|x86
		{0BE7D242-940A-435A-9BC6-323E551BB190}.Debug|x86.Build.0 = Debug|x86
		{0BE7D242-940A-435A-9BC6-323E551BB190}.Release|Any CPU.ActiveCfg = Release|Any CPU
		{0BE7D242-940A-435A-9BC6-323E551BB190}.Release|Any CPU.Build.0 = Release|Any CPU
		{0BE7D242-940A-435A-9BC6-323E551BB190}.Release|x86.ActiveCfg = Release|x86
		{0BE7D242-940A-435A-9BC6-323E551BB190}.Release|x86.Build.0 = Release|x86
		{322219F0-684D-4C20-B394-FAAE51764FED}.Debug|Any CPU.ActiveCfg = Debug|Any CPU
		{322219F0-684D-4C20-B394-FAAE51764FED}.Debug|Any CPU.Build.0 = Debug|Any CPU
		{322219F0-684D-4C20-B394-FAAE51764FED}.Debug|x86.ActiveCfg = Debug|x86
		{322219F0-684D-4C20-B394-FAAE51764FED}.Debug|x86.Build.0 = Debug|x86
		{322219F0-684D-4C20-B394-FAAE51764FED}.Release|Any CPU.ActiveCfg = Release|Any CPU
		{322219F0-684D-4C20-B394-FAAE51764FED}.Release|Any CPU.Build.0 = Release|Any CPU
		{322219F0-684D-4C20-B394-FAAE51764FED}.Release|x86.ActiveCfg = Release|x86
		{322219F0-684D-4C20-B394-FAAE51764FED}.Release|x86.Build.0 = Release|x86
		{2961559D-5DC1-471F-9310-05887A92568F}.Debug|Any CPU.ActiveCfg = Debug|Any CPU
		{2961559D-5DC1-471F-9310-05887A92568F}.Debug|Any CPU.Build.0 = Debug|Any CPU
		{2961559D-5DC1-471F-9310-05887A92568F}.Debug|x86.ActiveCfg = Debug|Any CPU
		{2961559D-5DC1-471F-9310-05887A92568F}.Debug|x86.Build.0 = Debug|Any CPU
		{2961559D-5DC1-471F-9310-05887A92568F}.Release|Any CPU.ActiveCfg = Release|Any CPU
		{2961559D-5DC1-471F-9310-05887A92568F}.Release|Any CPU.Build.0 = Release|Any CPU
		{2961559D-5DC1-471F-9310-05887A92568F}.Release|x86.ActiveCfg = Release|Any CPU
		{2961559D-5DC1-471F-9310-05887A92568F}.Release|x86.Build.0 = Release|Any CPU
		{86926EC7-C866-4E4E-A43E-A9E70FA2DD18}.Debug|Any CPU.ActiveCfg = Debug|Any CPU
		{86926EC7-C866-4E4E-A43E-A9E70FA2DD18}.Debug|Any CPU.Build.0 = Debug|Any CPU
		{86926EC7-C866-4E4E-A43E-A9E70FA2DD18}.Debug|x86.ActiveCfg = Debug|Any CPU
		{86926EC7-C866-4E4E-A43E-A9E70FA2DD18}.Debug|x86.Build.0 = Debug|Any CPU
		{86926EC7-C866-4E4E-A43E-A9E70FA2DD18}.Release|Any CPU.ActiveCfg = Release|Any CPU
		{86926EC7-C866-4E4E-A43E-A9E70FA2DD18}.Release|Any CPU.Build.0 = Release|Any CPU
		{86926EC7-C866-4E4E-A43E-A9E70FA2DD18}.Release|x86.ActiveCfg = Release|Any CPU
		{86926EC7-C866-4E4E-A43E-A9E70FA2DD18}.Release|x86.Build.0 = Release|Any CPU
	EndGlobalSection
	GlobalSection(SolutionProperties) = preSolution
		HideSolutionNode = FALSE
	EndGlobalSection
EndGlobal
